// !$*UTF8*$!
{
	archiveVersion = 1;
	classes = {
	};
	objectVersion = 46;
	objects = {

/* Begin PBXBuildFile section */
		280214E41C42F4030089EB0B /* AppDelegate.swift in Sources */ = {isa = PBXBuildFile; fileRef = 280214E31C42F4030089EB0B /* AppDelegate.swift */; };
		280214E91C42F4030089EB0B /* Main.storyboard in Resources */ = {isa = PBXBuildFile; fileRef = 280214E71C42F4030089EB0B /* Main.storyboard */; };
		280214EB1C42F4030089EB0B /* Assets.xcassets in Resources */ = {isa = PBXBuildFile; fileRef = 280214EA1C42F4030089EB0B /* Assets.xcassets */; };
		280214EE1C42F4030089EB0B /* LaunchScreen.storyboard in Resources */ = {isa = PBXBuildFile; fileRef = 280214EC1C42F4030089EB0B /* LaunchScreen.storyboard */; };
		280214FA1C42F7810089EB0B /* Alamofire.framework in Frameworks */ = {isa = PBXBuildFile; fileRef = 280214F91C42F7810089EB0B /* Alamofire.framework */; };
		280214FB1C42F7810089EB0B /* Alamofire.framework in Embed Frameworks */ = {isa = PBXBuildFile; fileRef = 280214F91C42F7810089EB0B /* Alamofire.framework */; settings = {ATTRIBUTES = (CodeSignOnCopy, RemoveHeadersOnCopy, ); }; };
		2815E8881C58E7E700E431FC /* MenuViewController.swift in Sources */ = {isa = PBXBuildFile; fileRef = 2815E8871C58E7E700E431FC /* MenuViewController.swift */; };
		2815E88A1C58E8E300E431FC /* Client.swift in Sources */ = {isa = PBXBuildFile; fileRef = 2815E8891C58E8E300E431FC /* Client.swift */; };
		2815E88C1C58E8F000E431FC /* UIColor+HexCode.swift in Sources */ = {isa = PBXBuildFile; fileRef = 2815E88B1C58E8F000E431FC /* UIColor+HexCode.swift */; };
		2815E88E1C58E8FF00E431FC /* ClassSelectViewController.swift in Sources */ = {isa = PBXBuildFile; fileRef = 2815E88D1C58E8FF00E431FC /* ClassSelectViewController.swift */; };
		2815E8941C58E9C400E431FC /* account.png in Resources */ = {isa = PBXBuildFile; fileRef = 2815E8901C58E9C400E431FC /* account.png */; };
		2815E8951C58E9C400E431FC /* home.png in Resources */ = {isa = PBXBuildFile; fileRef = 2815E8911C58E9C400E431FC /* home.png */; };
		2815E8961C58E9C400E431FC /* information.png in Resources */ = {isa = PBXBuildFile; fileRef = 2815E8921C58E9C400E431FC /* information.png */; };
		2815E8971C58E9C400E431FC /* star.png in Resources */ = {isa = PBXBuildFile; fileRef = 2815E8931C58E9C400E431FC /* star.png */; };
		2815E8AA1C592DE500E431FC /* airballoon.png in Resources */ = {isa = PBXBuildFile; fileRef = 2815E8991C592DE500E431FC /* airballoon.png */; };
		2815E8AB1C592DE500E431FC /* ambulance.png in Resources */ = {isa = PBXBuildFile; fileRef = 2815E89A1C592DE500E431FC /* ambulance.png */; };
		2815E8AC1C592DE500E431FC /* android-studio.png in Resources */ = {isa = PBXBuildFile; fileRef = 2815E89B1C592DE500E431FC /* android-studio.png */; };
		2815E8AD1C592DE500E431FC /* briefcase.png in Resources */ = {isa = PBXBuildFile; fileRef = 2815E89C1C592DE500E431FC /* briefcase.png */; };
		2815E8AE1C592DE500E431FC /* comment-account.png in Resources */ = {isa = PBXBuildFile; fileRef = 2815E89D1C592DE500E431FC /* comment-account.png */; };
		2815E8AF1C592DE500E431FC /* content-save.png in Resources */ = {isa = PBXBuildFile; fileRef = 2815E89E1C592DE500E431FC /* content-save.png */; };
		2815E8B01C592DE500E431FC /* cube-send.png in Resources */ = {isa = PBXBuildFile; fileRef = 2815E89F1C592DE500E431FC /* cube-send.png */; };
		2815E8B11C592DE500E431FC /* currency-usd.png in Resources */ = {isa = PBXBuildFile; fileRef = 2815E8A01C592DE500E431FC /* currency-usd.png */; };
		2815E8B21C592DE500E431FC /* food-apple.png in Resources */ = {isa = PBXBuildFile; fileRef = 2815E8A11C592DE500E431FC /* food-apple.png */; };
		2815E8B31C592DE500E431FC /* football-helmet.png in Resources */ = {isa = PBXBuildFile; fileRef = 2815E8A21C592DE500E431FC /* football-helmet.png */; };
		2815E8B41C592DE500E431FC /* instagram.png in Resources */ = {isa = PBXBuildFile; fileRef = 2815E8A31C592DE500E431FC /* instagram.png */; };
		2815E8B51C592DE500E431FC /* music-circle.png in Resources */ = {isa = PBXBuildFile; fileRef = 2815E8A41C592DE500E431FC /* music-circle.png */; };
		2815E8B61C592DE500E431FC /* nature-people.png in Resources */ = {isa = PBXBuildFile; fileRef = 2815E8A51C592DE500E431FC /* nature-people.png */; };
		2815E8B71C592DE500E431FC /* palette.png in Resources */ = {isa = PBXBuildFile; fileRef = 2815E8A61C592DE500E431FC /* palette.png */; };
		2815E8B81C592DE500E431FC /* school.png in Resources */ = {isa = PBXBuildFile; fileRef = 2815E8A71C592DE500E431FC /* school.png */; };
		2815E8B91C592DE500E431FC /* tie.png in Resources */ = {isa = PBXBuildFile; fileRef = 2815E8A81C592DE500E431FC /* tie.png */; };
		2815E8BA1C592DE500E431FC /* wrench.png in Resources */ = {isa = PBXBuildFile; fileRef = 2815E8A91C592DE500E431FC /* wrench.png */; };
		2832209C1C43B8F0002D0B2C /* ScheduleOptionCell.xib in Resources */ = {isa = PBXBuildFile; fileRef = 2832209B1C43B8F0002D0B2C /* ScheduleOptionCell.xib */; };
		2832209D1C444C7C002D0B2C /* InstituteOptionCell.xib in Resources */ = {isa = PBXBuildFile; fileRef = 28CE44961C43271400E4CA04 /* InstituteOptionCell.xib */; };
		283BD0F31C483A4100BC6A3A /* JournyViewController.swift in Sources */ = {isa = PBXBuildFile; fileRef = 283BD0F21C483A4100BC6A3A /* JournyViewController.swift */; };
		283BD0F51C483C5000BC6A3A /* JournyTableViewController.swift in Sources */ = {isa = PBXBuildFile; fileRef = 283BD0F41C483C5000BC6A3A /* JournyTableViewController.swift */; };
		283E6AB31C4E90660099521F /* TabBarController.swift in Sources */ = {isa = PBXBuildFile; fileRef = 283E6AB21C4E90660099521F /* TabBarController.swift */; };
		285AED111C57B49E0001EFD8 /* exam-schedule-placeholder.png in Resources */ = {isa = PBXBuildFile; fileRef = 285AED0E1C57B49E0001EFD8 /* exam-schedule-placeholder.png */; };
		285AED121C57B49E0001EFD8 /* placeholder-institute.png in Resources */ = {isa = PBXBuildFile; fileRef = 285AED0F1C57B49E0001EFD8 /* placeholder-institute.png */; };
		285AED131C57B49E0001EFD8 /* placeholder.jpg in Resources */ = {isa = PBXBuildFile; fileRef = 285AED101C57B49E0001EFD8 /* placeholder.jpg */; };
		285AED151C57B7EE0001EFD8 /* ClassSavedViewController.swift in Sources */ = {isa = PBXBuildFile; fileRef = 285AED141C57B7EE0001EFD8 /* ClassSavedViewController.swift */; };
		285AED171C57DDA30001EFD8 /* HomeViewController.swift in Sources */ = {isa = PBXBuildFile; fileRef = 285AED161C57DDA30001EFD8 /* HomeViewController.swift */; };
		288389611C4D6880009C1D01 /* NavigationController.swift in Sources */ = {isa = PBXBuildFile; fileRef = 288389601C4D6880009C1D01 /* NavigationController.swift */; };
		28CE44951C43224500E4CA04 /* JournyOptionCell.xib in Resources */ = {isa = PBXBuildFile; fileRef = 28CE44941C43224500E4CA04 /* JournyOptionCell.xib */; };
		28CE44991C43292B00E4CA04 /* ClassOptionCell.xib in Resources */ = {isa = PBXBuildFile; fileRef = 28CE44981C43292B00E4CA04 /* ClassOptionCell.xib */; };
		28CF52941C4458AB00E54F12 /* SwiftyJSON.framework in Frameworks */ = {isa = PBXBuildFile; fileRef = 28CF52931C4458AB00E54F12 /* SwiftyJSON.framework */; };
		28CF52951C4458AB00E54F12 /* SwiftyJSON.framework in Embed Frameworks */ = {isa = PBXBuildFile; fileRef = 28CF52931C4458AB00E54F12 /* SwiftyJSON.framework */; settings = {ATTRIBUTES = (CodeSignOnCopy, RemoveHeadersOnCopy, ); }; };
/* End PBXBuildFile section */

/* Begin PBXCopyFilesBuildPhase section */
		280214FC1C42F7810089EB0B /* Embed Frameworks */ = {
			isa = PBXCopyFilesBuildPhase;
			buildActionMask = 2147483647;
			dstPath = "";
			dstSubfolderSpec = 10;
			files = (
				28CF52951C4458AB00E54F12 /* SwiftyJSON.framework in Embed Frameworks */,
				280214FB1C42F7810089EB0B /* Alamofire.framework in Embed Frameworks */,
			);
			name = "Embed Frameworks";
			runOnlyForDeploymentPostprocessing = 0;
		};
/* End PBXCopyFilesBuildPhase section */

/* Begin PBXFileReference section */
		280214E01C42F4030089EB0B /* hanze-ov-ios.app */ = {isa = PBXFileReference; explicitFileType = wrapper.application; includeInIndex = 0; path = "hanze-ov-ios.app"; sourceTree = BUILT_PRODUCTS_DIR; };
		280214E31C42F4030089EB0B /* AppDelegate.swift */ = {isa = PBXFileReference; lastKnownFileType = sourcecode.swift; path = AppDelegate.swift; sourceTree = "<group>"; };
		280214E81C42F4030089EB0B /* Base */ = {isa = PBXFileReference; lastKnownFileType = file.storyboard; name = Base; path = Base.lproj/Main.storyboard; sourceTree = "<group>"; };
		280214EA1C42F4030089EB0B /* Assets.xcassets */ = {isa = PBXFileReference; lastKnownFileType = folder.assetcatalog; path = Assets.xcassets; sourceTree = "<group>"; };
		280214ED1C42F4030089EB0B /* Base */ = {isa = PBXFileReference; lastKnownFileType = file.storyboard; name = Base; path = Base.lproj/LaunchScreen.storyboard; sourceTree = "<group>"; };
		280214EF1C42F4030089EB0B /* Info.plist */ = {isa = PBXFileReference; lastKnownFileType = text.plist.xml; path = Info.plist; sourceTree = "<group>"; };
		280214F91C42F7810089EB0B /* Alamofire.framework */ = {isa = PBXFileReference; lastKnownFileType = wrapper.framework; name = Alamofire.framework; path = Carthage/Build/iOS/Alamofire.framework; sourceTree = "<group>"; };
		2815E8871C58E7E700E431FC /* MenuViewController.swift */ = {isa = PBXFileReference; fileEncoding = 4; lastKnownFileType = sourcecode.swift; path = MenuViewController.swift; sourceTree = "<group>"; };
		2815E8891C58E8E300E431FC /* Client.swift */ = {isa = PBXFileReference; fileEncoding = 4; lastKnownFileType = sourcecode.swift; path = Client.swift; sourceTree = "<group>"; };
		2815E88B1C58E8F000E431FC /* UIColor+HexCode.swift */ = {isa = PBXFileReference; fileEncoding = 4; lastKnownFileType = sourcecode.swift; name = "UIColor+HexCode.swift"; path = "categories/UIColor+HexCode.swift"; sourceTree = "<group>"; };
		2815E88D1C58E8FF00E431FC /* ClassSelectViewController.swift */ = {isa = PBXFileReference; fileEncoding = 4; lastKnownFileType = sourcecode.swift; path = ClassSelectViewController.swift; sourceTree = "<group>"; };
		2815E8901C58E9C400E431FC /* account.png */ = {isa = PBXFileReference; lastKnownFileType = image.png; name = account.png; path = images/icons/account.png; sourceTree = "<group>"; };
		2815E8911C58E9C400E431FC /* home.png */ = {isa = PBXFileReference; lastKnownFileType = image.png; name = home.png; path = images/icons/home.png; sourceTree = "<group>"; };
		2815E8921C58E9C400E431FC /* information.png */ = {isa = PBXFileReference; lastKnownFileType = image.png; name = information.png; path = images/icons/information.png; sourceTree = "<group>"; };
		2815E8931C58E9C400E431FC /* star.png */ = {isa = PBXFileReference; lastKnownFileType = image.png; name = star.png; path = images/icons/star.png; sourceTree = "<group>"; };
		2815E8991C592DE500E431FC /* airballoon.png */ = {isa = PBXFileReference; lastKnownFileType = image.png; name = airballoon.png; path = images/icons/institute/airballoon.png; sourceTree = "<group>"; };
		2815E89A1C592DE500E431FC /* ambulance.png */ = {isa = PBXFileReference; lastKnownFileType = image.png; name = ambulance.png; path = images/icons/institute/ambulance.png; sourceTree = "<group>"; };
		2815E89B1C592DE500E431FC /* android-studio.png */ = {isa = PBXFileReference; lastKnownFileType = image.png; name = "android-studio.png"; path = "images/icons/institute/android-studio.png"; sourceTree = "<group>"; };
		2815E89C1C592DE500E431FC /* briefcase.png */ = {isa = PBXFileReference; lastKnownFileType = image.png; name = briefcase.png; path = images/icons/institute/briefcase.png; sourceTree = "<group>"; };
		2815E89D1C592DE500E431FC /* comment-account.png */ = {isa = PBXFileReference; lastKnownFileType = image.png; name = "comment-account.png"; path = "images/icons/institute/comment-account.png"; sourceTree = "<group>"; };
		2815E89E1C592DE500E431FC /* content-save.png */ = {isa = PBXFileReference; lastKnownFileType = image.png; name = "content-save.png"; path = "images/icons/institute/content-save.png"; sourceTree = "<group>"; };
		2815E89F1C592DE500E431FC /* cube-send.png */ = {isa = PBXFileReference; lastKnownFileType = image.png; name = "cube-send.png"; path = "images/icons/institute/cube-send.png"; sourceTree = "<group>"; };
		2815E8A01C592DE500E431FC /* currency-usd.png */ = {isa = PBXFileReference; lastKnownFileType = image.png; name = "currency-usd.png"; path = "images/icons/institute/currency-usd.png"; sourceTree = "<group>"; };
		2815E8A11C592DE500E431FC /* food-apple.png */ = {isa = PBXFileReference; lastKnownFileType = image.png; name = "food-apple.png"; path = "images/icons/institute/food-apple.png"; sourceTree = "<group>"; };
		2815E8A21C592DE500E431FC /* football-helmet.png */ = {isa = PBXFileReference; lastKnownFileType = image.png; name = "football-helmet.png"; path = "images/icons/institute/football-helmet.png"; sourceTree = "<group>"; };
		2815E8A31C592DE500E431FC /* instagram.png */ = {isa = PBXFileReference; lastKnownFileType = image.png; name = instagram.png; path = images/icons/institute/instagram.png; sourceTree = "<group>"; };
		2815E8A41C592DE500E431FC /* music-circle.png */ = {isa = PBXFileReference; lastKnownFileType = image.png; name = "music-circle.png"; path = "images/icons/institute/music-circle.png"; sourceTree = "<group>"; };
		2815E8A51C592DE500E431FC /* nature-people.png */ = {isa = PBXFileReference; lastKnownFileType = image.png; name = "nature-people.png"; path = "images/icons/institute/nature-people.png"; sourceTree = "<group>"; };
		2815E8A61C592DE500E431FC /* palette.png */ = {isa = PBXFileReference; lastKnownFileType = image.png; name = palette.png; path = images/icons/institute/palette.png; sourceTree = "<group>"; };
		2815E8A71C592DE500E431FC /* school.png */ = {isa = PBXFileReference; lastKnownFileType = image.png; name = school.png; path = images/icons/institute/school.png; sourceTree = "<group>"; };
		2815E8A81C592DE500E431FC /* tie.png */ = {isa = PBXFileReference; lastKnownFileType = image.png; name = tie.png; path = images/icons/institute/tie.png; sourceTree = "<group>"; };
		2815E8A91C592DE500E431FC /* wrench.png */ = {isa = PBXFileReference; lastKnownFileType = image.png; name = wrench.png; path = images/icons/institute/wrench.png; sourceTree = "<group>"; };
		2832209B1C43B8F0002D0B2C /* ScheduleOptionCell.xib */ = {isa = PBXFileReference; fileEncoding = 4; lastKnownFileType = file.xib; path = ScheduleOptionCell.xib; sourceTree = "<group>"; };
		283BD0F21C483A4100BC6A3A /* JournyViewController.swift */ = {isa = PBXFileReference; fileEncoding = 4; lastKnownFileType = sourcecode.swift; path = JournyViewController.swift; sourceTree = "<group>"; };
		283BD0F41C483C5000BC6A3A /* JournyTableViewController.swift */ = {isa = PBXFileReference; fileEncoding = 4; lastKnownFileType = sourcecode.swift; path = JournyTableViewController.swift; sourceTree = "<group>"; };
		283E6AB21C4E90660099521F /* TabBarController.swift */ = {isa = PBXFileReference; fileEncoding = 4; lastKnownFileType = sourcecode.swift; path = TabBarController.swift; sourceTree = "<group>"; };
		285AED0E1C57B49E0001EFD8 /* exam-schedule-placeholder.png */ = {isa = PBXFileReference; lastKnownFileType = image.png; name = "exam-schedule-placeholder.png"; path = "images/exam-schedule-placeholder.png"; sourceTree = "<group>"; };
		285AED0F1C57B49E0001EFD8 /* placeholder-institute.png */ = {isa = PBXFileReference; lastKnownFileType = image.png; name = "placeholder-institute.png"; path = "images/placeholder-institute.png"; sourceTree = "<group>"; };
		285AED101C57B49E0001EFD8 /* placeholder.jpg */ = {isa = PBXFileReference; lastKnownFileType = image.jpeg; name = placeholder.jpg; path = images/placeholder.jpg; sourceTree = "<group>"; };
		285AED141C57B7EE0001EFD8 /* ClassSavedViewController.swift */ = {isa = PBXFileReference; fileEncoding = 4; lastKnownFileType = sourcecode.swift; path = ClassSavedViewController.swift; sourceTree = "<group>"; };
		285AED161C57DDA30001EFD8 /* HomeViewController.swift */ = {isa = PBXFileReference; fileEncoding = 4; lastKnownFileType = sourcecode.swift; path = HomeViewController.swift; sourceTree = "<group>"; };
		288389601C4D6880009C1D01 /* NavigationController.swift */ = {isa = PBXFileReference; fileEncoding = 4; lastKnownFileType = sourcecode.swift; path = NavigationController.swift; sourceTree = "<group>"; };
		28CE44941C43224500E4CA04 /* JournyOptionCell.xib */ = {isa = PBXFileReference; fileEncoding = 4; lastKnownFileType = file.xib; path = JournyOptionCell.xib; sourceTree = "<group>"; };
		28CE44961C43271400E4CA04 /* InstituteOptionCell.xib */ = {isa = PBXFileReference; fileEncoding = 4; lastKnownFileType = file.xib; path = InstituteOptionCell.xib; sourceTree = "<group>"; };
		28CE44981C43292B00E4CA04 /* ClassOptionCell.xib */ = {isa = PBXFileReference; fileEncoding = 4; lastKnownFileType = file.xib; path = ClassOptionCell.xib; sourceTree = "<group>"; };
		28CF52931C4458AB00E54F12 /* SwiftyJSON.framework */ = {isa = PBXFileReference; lastKnownFileType = wrapper.framework; name = SwiftyJSON.framework; path = Carthage/Build/iOS/SwiftyJSON.framework; sourceTree = "<group>"; };
/* End PBXFileReference section */

/* Begin PBXFrameworksBuildPhase section */
		280214DD1C42F4030089EB0B /* Frameworks */ = {
			isa = PBXFrameworksBuildPhase;
			buildActionMask = 2147483647;
			files = (
				28CF52941C4458AB00E54F12 /* SwiftyJSON.framework in Frameworks */,
				280214FA1C42F7810089EB0B /* Alamofire.framework in Frameworks */,
			);
			runOnlyForDeploymentPostprocessing = 0;
		};
/* End PBXFrameworksBuildPhase section */

/* Begin PBXGroup section */
		280214D71C42F4030089EB0B = {
			isa = PBXGroup;
			children = (
				28CF52931C4458AB00E54F12 /* SwiftyJSON.framework */,
				280214F91C42F7810089EB0B /* Alamofire.framework */,
				280214E11C42F4030089EB0B /* Products */,
				280214E21C42F4030089EB0B /* hanze-ov-ios */,
			);
			sourceTree = "<group>";
		};
		280214E11C42F4030089EB0B /* Products */ = {
			isa = PBXGroup;
			children = (
				280214E01C42F4030089EB0B /* hanze-ov-ios.app */,
			);
			name = Products;
			sourceTree = "<group>";
		};
		280214E21C42F4030089EB0B /* hanze-ov-ios */ = {
			isa = PBXGroup;
			children = (
				280214EC1C42F4030089EB0B /* LaunchScreen.storyboard */,
				280214E71C42F4030089EB0B /* Main.storyboard */,
				280214E31C42F4030089EB0B /* AppDelegate.swift */,
				280214EA1C42F4030089EB0B /* Assets.xcassets */,
				28CE44A51C43406200E4CA04 /* categories */,
				280214F71C42F54F0089EB0B /* helpers */,
				28CE449C1C43307D00E4CA04 /* images */,
				280214F51C42F53E0089EB0B /* supporting files */,
				280214F61C42F5450089EB0B /* viewcontrollers */,
				280214F81C42F5580089EB0B /* views */,
			);
			path = "hanze-ov-ios";
			sourceTree = "<group>";
		};
		280214F51C42F53E0089EB0B /* supporting files */ = {
			isa = PBXGroup;
			children = (
				280214EF1C42F4030089EB0B /* Info.plist */,
			);
			path = "supporting files";
			sourceTree = "<group>";
		};
		280214F61C42F5450089EB0B /* viewcontrollers */ = {
			isa = PBXGroup;
			children = (
				2815E88D1C58E8FF00E431FC /* ClassSelectViewController.swift */,
				285AED141C57B7EE0001EFD8 /* ClassSavedViewController.swift */,
				285AED161C57DDA30001EFD8 /* HomeViewController.swift */,
				283BD0F21C483A4100BC6A3A /* JournyViewController.swift */,
				283BD0F41C483C5000BC6A3A /* JournyTableViewController.swift */,
				2815E8871C58E7E700E431FC /* MenuViewController.swift */,
				288389601C4D6880009C1D01 /* NavigationController.swift */,
				283E6AB21C4E90660099521F /* TabBarController.swift */,
			);
			path = viewcontrollers;
			sourceTree = "<group>";
		};
		280214F71C42F54F0089EB0B /* helpers */ = {
			isa = PBXGroup;
			children = (
				2815E8891C58E8E300E431FC /* Client.swift */,
			);
			path = helpers;
			sourceTree = "<group>";
		};
		280214F81C42F5580089EB0B /* views */ = {
			isa = PBXGroup;
			children = (
				28CE44941C43224500E4CA04 /* JournyOptionCell.xib */,
				28CE44961C43271400E4CA04 /* InstituteOptionCell.xib */,
				28CE44981C43292B00E4CA04 /* ClassOptionCell.xib */,
				2832209B1C43B8F0002D0B2C /* ScheduleOptionCell.xib */,
			);
			path = views;
			sourceTree = "<group>";
		};
		2815E88F1C58E9B600E431FC /* icons */ = {
			isa = PBXGroup;
			children = (
				2815E8981C59292100E431FC /* institute */,
				2815E8901C58E9C400E431FC /* account.png */,
				2815E8911C58E9C400E431FC /* home.png */,
				2815E8921C58E9C400E431FC /* information.png */,
				2815E8931C58E9C400E431FC /* star.png */,
			);
			name = icons;
			sourceTree = "<group>";
		};
		2815E8981C59292100E431FC /* institute */ = {
			isa = PBXGroup;
			children = (
				2815E8991C592DE500E431FC /* airballoon.png */,
				2815E89A1C592DE500E431FC /* ambulance.png */,
				2815E89B1C592DE500E431FC /* android-studio.png */,
				2815E89C1C592DE500E431FC /* briefcase.png */,
				2815E89D1C592DE500E431FC /* comment-account.png */,
				2815E89E1C592DE500E431FC /* content-save.png */,
				2815E89F1C592DE500E431FC /* cube-send.png */,
				2815E8A01C592DE500E431FC /* currency-usd.png */,
				2815E8A11C592DE500E431FC /* food-apple.png */,
				2815E8A21C592DE500E431FC /* football-helmet.png */,
				2815E8A31C592DE500E431FC /* instagram.png */,
				2815E8A41C592DE500E431FC /* music-circle.png */,
				2815E8A51C592DE500E431FC /* nature-people.png */,
				2815E8A61C592DE500E431FC /* palette.png */,
				2815E8A71C592DE500E431FC /* school.png */,
				2815E8A81C592DE500E431FC /* tie.png */,
				2815E8A91C592DE500E431FC /* wrench.png */,
			);
			name = institute;
			sourceTree = "<group>";
		};
		28CE449C1C43307D00E4CA04 /* images */ = {
			isa = PBXGroup;
			children = (
				2815E88F1C58E9B600E431FC /* icons */,
				285AED0E1C57B49E0001EFD8 /* exam-schedule-placeholder.png */,
				285AED0F1C57B49E0001EFD8 /* placeholder-institute.png */,
				285AED101C57B49E0001EFD8 /* placeholder.jpg */,
			);
			name = images;
			sourceTree = "<group>";
		};
		28CE44A51C43406200E4CA04 /* categories */ = {
			isa = PBXGroup;
			children = (
				2815E88B1C58E8F000E431FC /* UIColor+HexCode.swift */,
			);
			name = categories;
			sourceTree = "<group>";
		};
/* End PBXGroup section */

/* Begin PBXNativeTarget section */
		280214DF1C42F4030089EB0B /* hanze-ov-ios */ = {
			isa = PBXNativeTarget;
			buildConfigurationList = 280214F21C42F4030089EB0B /* Build configuration list for PBXNativeTarget "hanze-ov-ios" */;
			buildPhases = (
				280214DC1C42F4030089EB0B /* Sources */,
				280214DD1C42F4030089EB0B /* Frameworks */,
				280214DE1C42F4030089EB0B /* Resources */,
				280214FC1C42F7810089EB0B /* Embed Frameworks */,
			);
			buildRules = (
			);
			dependencies = (
			);
			name = "hanze-ov-ios";
			productName = "hanze-ov-ios";
			productReference = 280214E01C42F4030089EB0B /* hanze-ov-ios.app */;
			productType = "com.apple.product-type.application";
		};
/* End PBXNativeTarget section */

/* Begin PBXProject section */
		280214D81C42F4030089EB0B /* Project object */ = {
			isa = PBXProject;
			attributes = {
				LastSwiftUpdateCheck = 0720;
				LastUpgradeCheck = 0720;
				ORGANIZATIONNAME = "Markus Wind";
				TargetAttributes = {
					280214DF1C42F4030089EB0B = {
						CreatedOnToolsVersion = 7.2;
						DevelopmentTeam = RXJARJ8NMK;
					};
				};
			};
			buildConfigurationList = 280214DB1C42F4030089EB0B /* Build configuration list for PBXProject "hanze-ov-ios" */;
			compatibilityVersion = "Xcode 3.2";
			developmentRegion = English;
			hasScannedForEncodings = 0;
			knownRegions = (
				en,
				Base,
			);
			mainGroup = 280214D71C42F4030089EB0B;
			productRefGroup = 280214E11C42F4030089EB0B /* Products */;
			projectDirPath = "";
			projectRoot = "";
			targets = (
				280214DF1C42F4030089EB0B /* hanze-ov-ios */,
			);
		};
/* End PBXProject section */

/* Begin PBXResourcesBuildPhase section */
		280214DE1C42F4030089EB0B /* Resources */ = {
			isa = PBXResourcesBuildPhase;
			buildActionMask = 2147483647;
			files = (
				2815E8AA1C592DE500E431FC /* airballoon.png in Resources */,
				280214EE1C42F4030089EB0B /* LaunchScreen.storyboard in Resources */,
				2815E8AD1C592DE500E431FC /* briefcase.png in Resources */,
				2815E8941C58E9C400E431FC /* account.png in Resources */,
				280214EB1C42F4030089EB0B /* Assets.xcassets in Resources */,
				2815E8B31C592DE500E431FC /* football-helmet.png in Resources */,
				2815E8B91C592DE500E431FC /* tie.png in Resources */,
				2832209D1C444C7C002D0B2C /* InstituteOptionCell.xib in Resources */,
				2815E8B61C592DE500E431FC /* nature-people.png in Resources */,
				2815E8B51C592DE500E431FC /* music-circle.png in Resources */,
				285AED131C57B49E0001EFD8 /* placeholder.jpg in Resources */,
				28CE44951C43224500E4CA04 /* JournyOptionCell.xib in Resources */,
				2815E8B01C592DE500E431FC /* cube-send.png in Resources */,
				2815E8B21C592DE500E431FC /* food-apple.png in Resources */,
				280214E91C42F4030089EB0B /* Main.storyboard in Resources */,
				2815E8AB1C592DE500E431FC /* ambulance.png in Resources */,
				2815E8AF1C592DE500E431FC /* content-save.png in Resources */,
				2815E8AE1C592DE500E431FC /* comment-account.png in Resources */,
				2815E8AC1C592DE500E431FC /* android-studio.png in Resources */,
				285AED121C57B49E0001EFD8 /* placeholder-institute.png in Resources */,
				2815E8B11C592DE500E431FC /* currency-usd.png in Resources */,
				2815E8B41C592DE500E431FC /* instagram.png in Resources */,
				2815E8B71C592DE500E431FC /* palette.png in Resources */,
				2815E8B81C592DE500E431FC /* school.png in Resources */,
				2815E8951C58E9C400E431FC /* home.png in Resources */,
				285AED111C57B49E0001EFD8 /* exam-schedule-placeholder.png in Resources */,
				28CE44991C43292B00E4CA04 /* ClassOptionCell.xib in Resources */,
				2815E8971C58E9C400E431FC /* star.png in Resources */,
				2815E8961C58E9C400E431FC /* information.png in Resources */,
				2815E8BA1C592DE500E431FC /* wrench.png in Resources */,
				2832209C1C43B8F0002D0B2C /* ScheduleOptionCell.xib in Resources */,
			);
			runOnlyForDeploymentPostprocessing = 0;
		};
/* End PBXResourcesBuildPhase section */

/* Begin PBXSourcesBuildPhase section */
		280214DC1C42F4030089EB0B /* Sources */ = {
			isa = PBXSourcesBuildPhase;
			buildActionMask = 2147483647;
			files = (
				2815E88E1C58E8FF00E431FC /* ClassSelectViewController.swift in Sources */,
				283BD0F51C483C5000BC6A3A /* JournyTableViewController.swift in Sources */,
				285AED151C57B7EE0001EFD8 /* ClassSavedViewController.swift in Sources */,
				283E6AB31C4E90660099521F /* TabBarController.swift in Sources */,
				2815E88A1C58E8E300E431FC /* Client.swift in Sources */,
				288389611C4D6880009C1D01 /* NavigationController.swift in Sources */,
				2815E8881C58E7E700E431FC /* MenuViewController.swift in Sources */,
				280214E41C42F4030089EB0B /* AppDelegate.swift in Sources */,
				2815E88C1C58E8F000E431FC /* UIColor+HexCode.swift in Sources */,
				285AED171C57DDA30001EFD8 /* HomeViewController.swift in Sources */,
				283BD0F31C483A4100BC6A3A /* JournyViewController.swift in Sources */,
			);
			runOnlyForDeploymentPostprocessing = 0;
		};
/* End PBXSourcesBuildPhase section */

/* Begin PBXVariantGroup section */
		280214E71C42F4030089EB0B /* Main.storyboard */ = {
			isa = PBXVariantGroup;
			children = (
				280214E81C42F4030089EB0B /* Base */,
			);
			name = Main.storyboard;
			path = .;
			sourceTree = "<group>";
		};
		280214EC1C42F4030089EB0B /* LaunchScreen.storyboard */ = {
			isa = PBXVariantGroup;
			children = (
				280214ED1C42F4030089EB0B /* Base */,
			);
			name = LaunchScreen.storyboard;
			path = .;
			sourceTree = "<group>";
		};
/* End PBXVariantGroup section */

/* Begin XCBuildConfiguration section */
		280214F01C42F4030089EB0B /* Debug */ = {
			isa = XCBuildConfiguration;
			buildSettings = {
				ALWAYS_SEARCH_USER_PATHS = NO;
				CLANG_CXX_LANGUAGE_STANDARD = "gnu++0x";
				CLANG_CXX_LIBRARY = "libc++";
				CLANG_ENABLE_MODULES = YES;
				CLANG_ENABLE_OBJC_ARC = YES;
				CLANG_WARN_BOOL_CONVERSION = YES;
				CLANG_WARN_CONSTANT_CONVERSION = YES;
				CLANG_WARN_DIRECT_OBJC_ISA_USAGE = YES_ERROR;
				CLANG_WARN_EMPTY_BODY = YES;
				CLANG_WARN_ENUM_CONVERSION = YES;
				CLANG_WARN_INT_CONVERSION = YES;
				CLANG_WARN_OBJC_ROOT_CLASS = YES_ERROR;
				CLANG_WARN_UNREACHABLE_CODE = YES;
				CLANG_WARN__DUPLICATE_METHOD_MATCH = YES;
				"CODE_SIGN_IDENTITY[sdk=iphoneos*]" = "iPhone Developer";
				COPY_PHASE_STRIP = NO;
				DEBUG_INFORMATION_FORMAT = dwarf;
				ENABLE_STRICT_OBJC_MSGSEND = YES;
				ENABLE_TESTABILITY = YES;
				GCC_C_LANGUAGE_STANDARD = gnu99;
				GCC_DYNAMIC_NO_PIC = NO;
				GCC_NO_COMMON_BLOCKS = YES;
				GCC_OPTIMIZATION_LEVEL = 0;
				GCC_PREPROCESSOR_DEFINITIONS = (
					"DEBUG=1",
					"$(inherited)",
				);
				GCC_WARN_64_TO_32_BIT_CONVERSION = YES;
				GCC_WARN_ABOUT_RETURN_TYPE = YES_ERROR;
				GCC_WARN_UNDECLARED_SELECTOR = YES;
				GCC_WARN_UNINITIALIZED_AUTOS = YES_AGGRESSIVE;
				GCC_WARN_UNUSED_FUNCTION = YES;
				GCC_WARN_UNUSED_VARIABLE = YES;
				IPHONEOS_DEPLOYMENT_TARGET = 9.2;
				MTL_ENABLE_DEBUG_INFO = YES;
				ONLY_ACTIVE_ARCH = YES;
				SDKROOT = iphoneos;
				SWIFT_OPTIMIZATION_LEVEL = "-Onone";
			};
			name = Debug;
		};
		280214F11C42F4030089EB0B /* Release */ = {
			isa = XCBuildConfiguration;
			buildSettings = {
				ALWAYS_SEARCH_USER_PATHS = NO;
				CLANG_CXX_LANGUAGE_STANDARD = "gnu++0x";
				CLANG_CXX_LIBRARY = "libc++";
				CLANG_ENABLE_MODULES = YES;
				CLANG_ENABLE_OBJC_ARC = YES;
				CLANG_WARN_BOOL_CONVERSION = YES;
				CLANG_WARN_CONSTANT_CONVERSION = YES;
				CLANG_WARN_DIRECT_OBJC_ISA_USAGE = YES_ERROR;
				CLANG_WARN_EMPTY_BODY = YES;
				CLANG_WARN_ENUM_CONVERSION = YES;
				CLANG_WARN_INT_CONVERSION = YES;
				CLANG_WARN_OBJC_ROOT_CLASS = YES_ERROR;
				CLANG_WARN_UNREACHABLE_CODE = YES;
				CLANG_WARN__DUPLICATE_METHOD_MATCH = YES;
				"CODE_SIGN_IDENTITY[sdk=iphoneos*]" = "iPhone Developer";
				COPY_PHASE_STRIP = NO;
				DEBUG_INFORMATION_FORMAT = "dwarf-with-dsym";
				ENABLE_NS_ASSERTIONS = NO;
				ENABLE_STRICT_OBJC_MSGSEND = YES;
				GCC_C_LANGUAGE_STANDARD = gnu99;
				GCC_NO_COMMON_BLOCKS = YES;
				GCC_WARN_64_TO_32_BIT_CONVERSION = YES;
				GCC_WARN_ABOUT_RETURN_TYPE = YES_ERROR;
				GCC_WARN_UNDECLARED_SELECTOR = YES;
				GCC_WARN_UNINITIALIZED_AUTOS = YES_AGGRESSIVE;
				GCC_WARN_UNUSED_FUNCTION = YES;
				GCC_WARN_UNUSED_VARIABLE = YES;
				IPHONEOS_DEPLOYMENT_TARGET = 9.2;
				MTL_ENABLE_DEBUG_INFO = NO;
				SDKROOT = iphoneos;
				VALIDATE_PRODUCT = YES;
			};
			name = Release;
		};
		280214F31C42F4030089EB0B /* Debug */ = {
			isa = XCBuildConfiguration;
			buildSettings = {
				ASSETCATALOG_COMPILER_APPICON_NAME = AppIcon;
				CODE_SIGN_IDENTITY = "iPhone Developer";
				"CODE_SIGN_IDENTITY[sdk=iphoneos*]" = "iPhone Developer";
				FRAMEWORK_SEARCH_PATHS = (
					"$(inherited)",
					"$(PROJECT_DIR)/Carthage/Build/iOS",
				);
				INFOPLIST_FILE = "hanze-ov-ios/supporting files/Info.plist";
				IPHONEOS_DEPLOYMENT_TARGET = 8.0;
				LD_RUNPATH_SEARCH_PATHS = "$(inherited) @executable_path/Frameworks";
				PRODUCT_BUNDLE_IDENTIFIER = "com.markuswind.hanze-ov-ios";
				PRODUCT_NAME = "$(TARGET_NAME)";
				PROVISIONING_PROFILE = "";
			};
			name = Debug;
		};
		280214F41C42F4030089EB0B /* Release */ = {
			isa = XCBuildConfiguration;
			buildSettings = {
				ASSETCATALOG_COMPILER_APPICON_NAME = AppIcon;
				CODE_SIGN_IDENTITY = "iPhone Developer";
				"CODE_SIGN_IDENTITY[sdk=iphoneos*]" = "iPhone Developer";
				FRAMEWORK_SEARCH_PATHS = (
					"$(inherited)",
					"$(PROJECT_DIR)/Carthage/Build/iOS",
				);
				INFOPLIST_FILE = "hanze-ov-ios/supporting files/Info.plist";
				IPHONEOS_DEPLOYMENT_TARGET = 8.0;
				LD_RUNPATH_SEARCH_PATHS = "$(inherited) @executable_path/Frameworks";
				PRODUCT_BUNDLE_IDENTIFIER = "com.markuswind.hanze-ov-ios";
				PRODUCT_NAME = "$(TARGET_NAME)";
				PROVISIONING_PROFILE = "";
			};
			name = Release;
		};
/* End XCBuildConfiguration section */

/* Begin XCConfigurationList section */
		280214DB1C42F4030089EB0B /* Build configuration list for PBXProject "hanze-ov-ios" */ = {
			isa = XCConfigurationList;
			buildConfigurations = (
				280214F01C42F4030089EB0B /* Debug */,
				280214F11C42F4030089EB0B /* Release */,
			);
			defaultConfigurationIsVisible = 0;
			defaultConfigurationName = Release;
		};
		280214F21C42F4030089EB0B /* Build configuration list for PBXNativeTarget "hanze-ov-ios" */ = {
			isa = XCConfigurationList;
			buildConfigurations = (
				280214F31C42F4030089EB0B /* Debug */,
				280214F41C42F4030089EB0B /* Release */,
			);
			defaultConfigurationIsVisible = 0;
			defaultConfigurationName = Release;
		};
/* End XCConfigurationList section */
	};
	rootObject = 280214D81C42F4030089EB0B /* Project object */;
}
