// !$*UTF8*$!
{
	archiveVersion = 1;
	classes = {
	};
	objectVersion = 46;
	objects = {

/* Begin PBXBuildFile section */
		280214E41C42F4030089EB0B /* AppDelegate.swift in Sources */ = {isa = PBXBuildFile; fileRef = 280214E31C42F4030089EB0B /* AppDelegate.swift */; };
		280214E61C42F4030089EB0B /* ViewController.swift in Sources */ = {isa = PBXBuildFile; fileRef = 280214E51C42F4030089EB0B /* ViewController.swift */; };
		280214E91C42F4030089EB0B /* Main.storyboard in Resources */ = {isa = PBXBuildFile; fileRef = 280214E71C42F4030089EB0B /* Main.storyboard */; };
		280214EB1C42F4030089EB0B /* Assets.xcassets in Resources */ = {isa = PBXBuildFile; fileRef = 280214EA1C42F4030089EB0B /* Assets.xcassets */; };
		280214EE1C42F4030089EB0B /* LaunchScreen.storyboard in Resources */ = {isa = PBXBuildFile; fileRef = 280214EC1C42F4030089EB0B /* LaunchScreen.storyboard */; };
/* End PBXBuildFile section */

/* Begin PBXFileReference section */
		280214E01C42F4030089EB0B /* hanze-ov-ios.app */ = {isa = PBXFileReference; explicitFileType = wrapper.application; includeInIndex = 0; path = "hanze-ov-ios.app"; sourceTree = BUILT_PRODUCTS_DIR; };
		280214E31C42F4030089EB0B /* AppDelegate.swift */ = {isa = PBXFileReference; lastKnownFileType = sourcecode.swift; path = AppDelegate.swift; sourceTree = "<group>"; };
		280214E51C42F4030089EB0B /* ViewController.swift */ = {isa = PBXFileReference; lastKnownFileType = sourcecode.swift; path = ViewController.swift; sourceTree = "<group>"; };
		280214E81C42F4030089EB0B /* Base */ = {isa = PBXFileReference; lastKnownFileType = file.storyboard; name = Base; path = Base.lproj/Main.storyboard; sourceTree = "<group>"; };
		280214EA1C42F4030089EB0B /* Assets.xcassets */ = {isa = PBXFileReference; lastKnownFileType = folder.assetcatalog; path = Assets.xcassets; sourceTree = "<group>"; };
		280214ED1C42F4030089EB0B /* Base */ = {isa = PBXFileReference; lastKnownFileType = file.storyboard; name = Base; path = Base.lproj/LaunchScreen.storyboard; sourceTree = "<group>"; };
		280214EF1C42F4030089EB0B /* Info.plist */ = {isa = PBXFileReference; lastKnownFileType = text.plist.xml; path = Info.plist; sourceTree = "<group>"; };
/* End PBXFileReference section */

/* Begin PBXFrameworksBuildPhase section */
		280214DD1C42F4030089EB0B /* Frameworks */ = {
			isa = PBXFrameworksBuildPhase;
			buildActionMask = 2147483647;
			files = (
			);
			runOnlyForDeploymentPostprocessing = 0;
		};
/* End PBXFrameworksBuildPhase section */

/* Begin PBXGroup section */
		280214D71C42F4030089EB0B = {
			isa = PBXGroup;
			children = (
				280214E21C42F4030089EB0B /* hanze-ov-ios */,
				280214E11C42F4030089EB0B /* Products */,
			);
			sourceTree = "<group>";
		};
		280214E11C42F4030089EB0B /* Products */ = {
			isa = PBXGroup;
			children = (
				280214E01C42F4030089EB0B /* hanze-ov-ios.app */,
			);
			name = Products;
			sourceTree = "<group>";
		};
		280214E21C42F4030089EB0B /* hanze-ov-ios */ = {
			isa = PBXGroup;
			children = (
				280214EC1C42F4030089EB0B /* LaunchScreen.storyboard */,
				280214E71C42F4030089EB0B /* Main.storyboard */,
				280214E31C42F4030089EB0B /* AppDelegate.swift */,
				280214EA1C42F4030089EB0B /* Assets.xcassets */,
				280214F71C42F54F0089EB0B /* helpers */,
				280214F51C42F53E0089EB0B /* supporting files */,
				280214F61C42F5450089EB0B /* viewcontrollers */,
				280214F81C42F5580089EB0B /* views */,
			);
			path = "hanze-ov-ios";
			sourceTree = "<group>";
		};
		280214F51C42F53E0089EB0B /* supporting files */ = {
			isa = PBXGroup;
			children = (
				280214EF1C42F4030089EB0B /* Info.plist */,
			);
			name = "supporting files";
			sourceTree = "<group>";
		};
		280214F61C42F5450089EB0B /* viewcontrollers */ = {
			isa = PBXGroup;
			children = (
				280214E51C42F4030089EB0B /* ViewController.swift */,
			);
			name = viewcontrollers;
			sourceTree = "<group>";
		};
		280214F71C42F54F0089EB0B /* helpers */ = {
			isa = PBXGroup;
			children = (
			);
			name = helpers;
			sourceTree = "<group>";
		};
		280214F81C42F5580089EB0B /* views */ = {
			isa = PBXGroup;
			children = (
			);
			name = views;
			sourceTree = "<group>";
		};
/* End PBXGroup section */

/* Begin PBXNativeTarget section */
		280214DF1C42F4030089EB0B /* hanze-ov-ios */ = {
			isa = PBXNativeTarget;
			buildConfigurationList = 280214F21C42F4030089EB0B /* Build configuration list for PBXNativeTarget "hanze-ov-ios" */;
			buildPhases = (
				280214DC1C42F4030089EB0B /* Sources */,
				280214DD1C42F4030089EB0B /* Frameworks */,
				280214DE1C42F4030089EB0B /* Resources */,
			);
			buildRules = (
			);
			dependencies = (
			);
			name = "hanze-ov-ios";
			productName = "hanze-ov-ios";
			productReference = 280214E01C42F4030089EB0B /* hanze-ov-ios.app */;
			productType = "com.apple.product-type.application";
		};
/* End PBXNativeTarget section */

/* Begin PBXProject section */
		280214D81C42F4030089EB0B /* Project object */ = {
			isa = PBXProject;
			attributes = {
				LastSwiftUpdateCheck = 0720;
				LastUpgradeCheck = 0720;
				ORGANIZATIONNAME = "Markus Wind";
				TargetAttributes = {
					280214DF1C42F4030089EB0B = {
						CreatedOnToolsVersion = 7.2;
					};
				};
			};
			buildConfigurationList = 280214DB1C42F4030089EB0B /* Build configuration list for PBXProject "hanze-ov-ios" */;
			compatibilityVersion = "Xcode 3.2";
			developmentRegion = English;
			hasScannedForEncodings = 0;
			knownRegions = (
				en,
				Base,
			);
			mainGroup = 280214D71C42F4030089EB0B;
			productRefGroup = 280214E11C42F4030089EB0B /* Products */;
			projectDirPath = "";
			projectRoot = "";
			targets = (
				280214DF1C42F4030089EB0B /* hanze-ov-ios */,
			);
		};
/* End PBXProject section */

/* Begin PBXResourcesBuildPhase section */
		280214DE1C42F4030089EB0B /* Resources */ = {
			isa = PBXResourcesBuildPhase;
			buildActionMask = 2147483647;
			files = (
				280214EE1C42F4030089EB0B /* LaunchScreen.storyboard in Resources */,
				280214EB1C42F4030089EB0B /* Assets.xcassets in Resources */,
				280214E91C42F4030089EB0B /* Main.storyboard in Resources */,
			);
			runOnlyForDeploymentPostprocessing = 0;
		};
/* End PBXResourcesBuildPhase section */

/* Begin PBXSourcesBuildPhase section */
		280214DC1C42F4030089EB0B /* Sources */ = {
			isa = PBXSourcesBuildPhase;
			buildActionMask = 2147483647;
			files = (
				280214E61C42F4030089EB0B /* ViewController.swift in Sources */,
				280214E41C42F4030089EB0B /* AppDelegate.swift in Sources */,
			);
			runOnlyForDeploymentPostprocessing = 0;
		};
/* End PBXSourcesBuildPhase section */

/* Begin PBXVariantGroup section */
		280214E71C42F4030089EB0B /* Main.storyboard */ = {
			isa = PBXVariantGroup;
			children = (
				280214E81C42F4030089EB0B /* Base */,
			);
			name = Main.storyboard;
			sourceTree = "<group>";
		};
		280214EC1C42F4030089EB0B /* LaunchScreen.storyboard */ = {
			isa = PBXVariantGroup;
			children = (
				280214ED1C42F4030089EB0B /* Base */,
			);
			name = LaunchScreen.storyboard;
			sourceTree = "<group>";
		};
/* End PBXVariantGroup section */

/* Begin XCBuildConfiguration section */
		280214F01C42F4030089EB0B /* Debug */ = {
			isa = XCBuildConfiguration;
			buildSettings = {
				ALWAYS_SEARCH_USER_PATHS = NO;
				CLANG_CXX_LANGUAGE_STANDARD = "gnu++0x";
				CLANG_CXX_LIBRARY = "libc++";
				CLANG_ENABLE_MODULES = YES;
				CLANG_ENABLE_OBJC_ARC = YES;
				CLANG_WARN_BOOL_CONVERSION = YES;
				CLANG_WARN_CONSTANT_CONVERSION = YES;
				CLANG_WARN_DIRECT_OBJC_ISA_USAGE = YES_ERROR;
				CLANG_WARN_EMPTY_BODY = YES;
				CLANG_WARN_ENUM_CONVERSION = YES;
				CLANG_WARN_INT_CONVERSION = YES;
				CLANG_WARN_OBJC_ROOT_CLASS = YES_ERROR;
				CLANG_WARN_UNREACHABLE_CODE = YES;
				CLANG_WARN__DUPLICATE_METHOD_MATCH = YES;
				"CODE_SIGN_IDENTITY[sdk=iphoneos*]" = "iPhone Developer";
				COPY_PHASE_STRIP = NO;
				DEBUG_INFORMATION_FORMAT = dwarf;
				ENABLE_STRICT_OBJC_MSGSEND = YES;
				ENABLE_TESTABILITY = YES;
				GCC_C_LANGUAGE_STANDARD = gnu99;
				GCC_DYNAMIC_NO_PIC = NO;
				GCC_NO_COMMON_BLOCKS = YES;
				GCC_OPTIMIZATION_LEVEL = 0;
				GCC_PREPROCESSOR_DEFINITIONS = (
					"DEBUG=1",
					"$(inherited)",
				);
				GCC_WARN_64_TO_32_BIT_CONVERSION = YES;
				GCC_WARN_ABOUT_RETURN_TYPE = YES_ERROR;
				GCC_WARN_UNDECLARED_SELECTOR = YES;
				GCC_WARN_UNINITIALIZED_AUTOS = YES_AGGRESSIVE;
				GCC_WARN_UNUSED_FUNCTION = YES;
				GCC_WARN_UNUSED_VARIABLE = YES;
				IPHONEOS_DEPLOYMENT_TARGET = 9.2;
				MTL_ENABLE_DEBUG_INFO = YES;
				ONLY_ACTIVE_ARCH = YES;
				SDKROOT = iphoneos;
				SWIFT_OPTIMIZATION_LEVEL = "-Onone";
			};
			name = Debug;
		};
		280214F11C42F4030089EB0B /* Release */ = {
			isa = XCBuildConfiguration;
			buildSettings = {
				ALWAYS_SEARCH_USER_PATHS = NO;
				CLANG_CXX_LANGUAGE_STANDARD = "gnu++0x";
				CLANG_CXX_LIBRARY = "libc++";
				CLANG_ENABLE_MODULES = YES;
				CLANG_ENABLE_OBJC_ARC = YES;
				CLANG_WARN_BOOL_CONVERSION = YES;
				CLANG_WARN_CONSTANT_CONVERSION = YES;
				CLANG_WARN_DIRECT_OBJC_ISA_USAGE = YES_ERROR;
				CLANG_WARN_EMPTY_BODY = YES;
				CLANG_WARN_ENUM_CONVERSION = YES;
				CLANG_WARN_INT_CONVERSION = YES;
				CLANG_WARN_OBJC_ROOT_CLASS = YES_ERROR;
				CLANG_WARN_UNREACHABLE_CODE = YES;
				CLANG_WARN__DUPLICATE_METHOD_MATCH = YES;
				"CODE_SIGN_IDENTITY[sdk=iphoneos*]" = "iPhone Developer";
				COPY_PHASE_STRIP = NO;
				DEBUG_INFORMATION_FORMAT = "dwarf-with-dsym";
				ENABLE_NS_ASSERTIONS = NO;
				ENABLE_STRICT_OBJC_MSGSEND = YES;
				GCC_C_LANGUAGE_STANDARD = gnu99;
				GCC_NO_COMMON_BLOCKS = YES;
				GCC_WARN_64_TO_32_BIT_CONVERSION = YES;
				GCC_WARN_ABOUT_RETURN_TYPE = YES_ERROR;
				GCC_WARN_UNDECLARED_SELECTOR = YES;
				GCC_WARN_UNINITIALIZED_AUTOS = YES_AGGRESSIVE;
				GCC_WARN_UNUSED_FUNCTION = YES;
				GCC_WARN_UNUSED_VARIABLE = YES;
				IPHONEOS_DEPLOYMENT_TARGET = 9.2;
				MTL_ENABLE_DEBUG_INFO = NO;
				SDKROOT = iphoneos;
				VALIDATE_PRODUCT = YES;
			};
			name = Release;
		};
		280214F31C42F4030089EB0B /* Debug */ = {
			isa = XCBuildConfiguration;
			buildSettings = {
				ASSETCATALOG_COMPILER_APPICON_NAME = AppIcon;
				INFOPLIST_FILE = "hanze-ov-ios/Info.plist";
				LD_RUNPATH_SEARCH_PATHS = "$(inherited) @executable_path/Frameworks";
				PRODUCT_BUNDLE_IDENTIFIER = "com.markuswind.hanze-ov-ios";
				PRODUCT_NAME = "$(TARGET_NAME)";
			};
			name = Debug;
		};
		280214F41C42F4030089EB0B /* Release */ = {
			isa = XCBuildConfiguration;
			buildSettings = {
				ASSETCATALOG_COMPILER_APPICON_NAME = AppIcon;
				INFOPLIST_FILE = "hanze-ov-ios/Info.plist";
				LD_RUNPATH_SEARCH_PATHS = "$(inherited) @executable_path/Frameworks";
				PRODUCT_BUNDLE_IDENTIFIER = "com.markuswind.hanze-ov-ios";
				PRODUCT_NAME = "$(TARGET_NAME)";
			};
			name = Release;
		};
/* End XCBuildConfiguration section */

/* Begin XCConfigurationList section */
		280214DB1C42F4030089EB0B /* Build configuration list for PBXProject "hanze-ov-ios" */ = {
			isa = XCConfigurationList;
			buildConfigurations = (
				280214F01C42F4030089EB0B /* Debug */,
				280214F11C42F4030089EB0B /* Release */,
			);
			defaultConfigurationIsVisible = 0;
			defaultConfigurationName = Release;
		};
		280214F21C42F4030089EB0B /* Build configuration list for PBXNativeTarget "hanze-ov-ios" */ = {
			isa = XCConfigurationList;
			buildConfigurations = (
				280214F31C42F4030089EB0B /* Debug */,
				280214F41C42F4030089EB0B /* Release */,
			);
			defaultConfigurationIsVisible = 0;
		};
/* End XCConfigurationList section */
	};
	rootObject = 280214D81C42F4030089EB0B /* Project object */;
}
